
Microsoft Visual Studio Solution File, Format Version 12.00
# Visual Studio Version 16
VisualStudioVersion = 16.0.31019.35
MinimumVisualStudioVersion = 10.0.40219.1
Project("{FAE04EC0-301F-11D3-BF4B-00C04F79EFBC}") = "Sales.Common", "Sales.Common\Sales.Common.csproj", "{5CD3D703-7050-4DF5-AD69-89D0861A534A}"
EndProject
Project("{FAE04EC0-301F-11D3-BF4B-00C04F79EFBC}") = "Sales.Web", "Sales.Web\Sales.Web.csproj", "{F39CFD1C-6FF1-46A9-9637-E9456E896C45}"
EndProject
Global
	GlobalSection(SolutionConfigurationPlatforms) = preSolution
		Debug|Any CPU = Debug|Any CPU
		Release|Any CPU = Release|Any CPU
	EndGlobalSection
	GlobalSection(ProjectConfigurationPlatforms) = postSolution
		{5CD3D703-7050-4DF5-AD69-89D0861A534A}.Debug|Any CPU.ActiveCfg = Debug|Any CPU
		{5CD3D703-7050-4DF5-AD69-89D0861A534A}.Debug|Any CPU.Build.0 = Debug|Any CPU
		{5CD3D703-7050-4DF5-AD69-89D0861A534A}.Release|Any CPU.ActiveCfg = Release|Any CPU
		{5CD3D703-7050-4DF5-AD69-89D0861A534A}.Release|Any CPU.Build.0 = Release|Any CPU
		{F39CFD1C-6FF1-46A9-9637-E9456E896C45}.Debug|Any CPU.ActiveCfg = Debug|Any CPU
		{F39CFD1C-6FF1-46A9-9637-E9456E896C45}.Debug|Any CPU.Build.0 = Debug|Any CPU
		{F39CFD1C-6FF1-46A9-9637-E9456E896C45}.Release|Any CPU.ActiveCfg = Release|Any CPU
		{F39CFD1C-6FF1-46A9-9637-E9456E896C45}.Release|Any CPU.Build.0 = Release|Any CPU
	EndGlobalSection
	GlobalSection(SolutionProperties) = preSolution
		HideSolutionNode = FALSE
	EndGlobalSection
	GlobalSection(ExtensibilityGlobals) = postSolution
		SolutionGuid = {90031C80-6447-40D3-B5EB-9CE27AE5400E}
	EndGlobalSection
EndGlobal
